
Microsoft Visual Studio Solution File, Format Version 12.00
# Visual Studio Version 16
VisualStudioVersion = 16.0.30011.22
MinimumVisualStudioVersion = 10.0.40219.1
Project("{9A19103F-16F7-4668-BE54-9A1E7A4F7556}") = "Rechnungen", "Rechnungen\Rechnungen.csproj", "{E8718D6C-9005-4C6F-BD79-8921B21DA2B0}"
EndProject
Project("{9A19103F-16F7-4668-BE54-9A1E7A4F7556}") = "DATA", "DATA\DATA.csproj", "{A58E87D8-B829-4D39-A258-2DCCF6F25FB9}"
EndProject
Project("{F2A71F9B-5D33-465A-A702-920D77279786}") = "ToolBox", "ToolBox\ToolBox.fsproj", "{FCD22DE5-0A93-4C9F-91D4-9DB886856EC0}"
EndProject
Global
	GlobalSection(SolutionConfigurationPlatforms) = preSolution
		Debug|Any CPU = Debug|Any CPU
		Release|Any CPU = Release|Any CPU
	EndGlobalSection
	GlobalSection(ProjectConfigurationPlatforms) = postSolution
		{E8718D6C-9005-4C6F-BD79-8921B21DA2B0}.Debug|Any CPU.ActiveCfg = Debug|Any CPU
		{E8718D6C-9005-4C6F-BD79-8921B21DA2B0}.Debug|Any CPU.Build.0 = Debug|Any CPU
		{E8718D6C-9005-4C6F-BD79-8921B21DA2B0}.Release|Any CPU.ActiveCfg = Release|Any CPU
		{E8718D6C-9005-4C6F-BD79-8921B21DA2B0}.Release|Any CPU.Build.0 = Release|Any CPU
		{A58E87D8-B829-4D39-A258-2DCCF6F25FB9}.Debug|Any CPU.ActiveCfg = Debug|Any CPU
		{A58E87D8-B829-4D39-A258-2DCCF6F25FB9}.Debug|Any CPU.Build.0 = Debug|Any CPU
		{A58E87D8-B829-4D39-A258-2DCCF6F25FB9}.Release|Any CPU.ActiveCfg = Release|Any CPU
		{A58E87D8-B829-4D39-A258-2DCCF6F25FB9}.Release|Any CPU.Build.0 = Release|Any CPU
		{FCD22DE5-0A93-4C9F-91D4-9DB886856EC0}.Debug|Any CPU.ActiveCfg = Debug|Any CPU
		{FCD22DE5-0A93-4C9F-91D4-9DB886856EC0}.Debug|Any CPU.Build.0 = Debug|Any CPU
		{FCD22DE5-0A93-4C9F-91D4-9DB886856EC0}.Release|Any CPU.ActiveCfg = Release|Any CPU
		{FCD22DE5-0A93-4C9F-91D4-9DB886856EC0}.Release|Any CPU.Build.0 = Release|Any CPU
	EndGlobalSection
	GlobalSection(SolutionProperties) = preSolution
		HideSolutionNode = FALSE
	EndGlobalSection
	GlobalSection(ExtensibilityGlobals) = postSolution
		SolutionGuid = {F3E73B09-075B-4D6C-B761-6BA8A3E2EE0F}
	EndGlobalSection
EndGlobal
